// !$*UTF8*$!
{
	archiveVersion = 1;
	classes = {
	};
	objectVersion = 56;
	objects = {

/* Begin PBXBuildFile section */
		044E0CA52BDB5A9000DFA108 /* Profile.swift in Sources */ = {isa = PBXBuildFile; fileRef = 044E0CA42BDB5A9000DFA108 /* Profile.swift */; };
		044E0CA82BDB5AC800DFA108 /* ProfileHost.swift in Sources */ = {isa = PBXBuildFile; fileRef = 044E0CA72BDB5AC800DFA108 /* ProfileHost.swift */; };
		044E0CAA2BDB5AEF00DFA108 /* ProfileSummary.swift in Sources */ = {isa = PBXBuildFile; fileRef = 044E0CA92BDB5AEF00DFA108 /* ProfileSummary.swift */; };
		044E0CAC2BDB5C0100DFA108 /* HikeBadge.swift in Sources */ = {isa = PBXBuildFile; fileRef = 044E0CAB2BDB5C0100DFA108 /* HikeBadge.swift */; };
		044E0CAE2BDB5DA500DFA108 /* ProfileEditor.swift in Sources */ = {isa = PBXBuildFile; fileRef = 044E0CAD2BDB5DA500DFA108 /* ProfileEditor.swift */; };
		045674A12BDB414E001A11AE /* CategoryRow.swift in Sources */ = {isa = PBXBuildFile; fileRef = 045674A02BDB414E001A11AE /* CategoryRow.swift */; };
		0459AFE52BDB51FE00FF9FF6 /* GraphCapsule.swift in Sources */ = {isa = PBXBuildFile; fileRef = 0459AFE02BDB51FE00FF9FF6 /* GraphCapsule.swift */; };
		0459AFE62BDB51FE00FF9FF6 /* HikeDetail.swift in Sources */ = {isa = PBXBuildFile; fileRef = 0459AFE12BDB51FE00FF9FF6 /* HikeDetail.swift */; };
		0459AFE72BDB51FE00FF9FF6 /* HikeGraph.swift in Sources */ = {isa = PBXBuildFile; fileRef = 0459AFE22BDB51FE00FF9FF6 /* HikeGraph.swift */; };
		0459AFE82BDB51FE00FF9FF6 /* HikeView.swift in Sources */ = {isa = PBXBuildFile; fileRef = 0459AFE32BDB51FE00FF9FF6 /* HikeView.swift */; };
		0459AFEA2BDB532400FF9FF6 /* CategoryHome.swift in Sources */ = {isa = PBXBuildFile; fileRef = 0459AFE92BDB532400FF9FF6 /* CategoryHome.swift */; };
		0460B5B12BD0E75E00D697D2 /* LandmarksApp.swift in Sources */ = {isa = PBXBuildFile; fileRef = 0460B5B02BD0E75E00D697D2 /* LandmarksApp.swift */; };
		0460B5B32BD0E75E00D697D2 /* ContentView.swift in Sources */ = {isa = PBXBuildFile; fileRef = 0460B5B22BD0E75E00D697D2 /* ContentView.swift */; };
		0460B5B52BD0E75F00D697D2 /* Assets.xcassets in Resources */ = {isa = PBXBuildFile; fileRef = 0460B5B42BD0E75F00D697D2 /* Assets.xcassets */; };
		0460B5B82BD0E75F00D697D2 /* Preview Assets.xcassets in Resources */ = {isa = PBXBuildFile; fileRef = 0460B5B72BD0E75F00D697D2 /* Preview Assets.xcassets */; };
		046F383D2BDB445F00B8D370 /* CategoryItem.swift in Sources */ = {isa = PBXBuildFile; fileRef = 046F383C2BDB445F00B8D370 /* CategoryItem.swift */; };
		0484361E2BE355E80065493A /* PageViewController.swift in Sources */ = {isa = PBXBuildFile; fileRef = 0484361D2BE355E80065493A /* PageViewController.swift */; };
		048436222BE359F10065493A /* FeatureCard.swift in Sources */ = {isa = PBXBuildFile; fileRef = 048436212BE359F10065493A /* FeatureCard.swift */; };
		048436242BE35AE80065493A /* PageView.swift in Sources */ = {isa = PBXBuildFile; fileRef = 048436232BE35AE80065493A /* PageView.swift */; };
		048436262BE3610F0065493A /* PageControl.swift in Sources */ = {isa = PBXBuildFile; fileRef = 048436252BE3610F0065493A /* PageControl.swift */; };
		0484362E2BE366140065493A /* WatchLandmarksApp.swift in Sources */ = {isa = PBXBuildFile; fileRef = 0484362D2BE366140065493A /* WatchLandmarksApp.swift */; };
		048436302BE366140065493A /* ContentView.swift in Sources */ = {isa = PBXBuildFile; fileRef = 0484362F2BE366140065493A /* ContentView.swift */; };
		048436322BE366160065493A /* Assets.xcassets in Resources */ = {isa = PBXBuildFile; fileRef = 048436312BE366160065493A /* Assets.xcassets */; };
		048436352BE366160065493A /* Preview Assets.xcassets in Resources */ = {isa = PBXBuildFile; fileRef = 048436342BE366160065493A /* Preview Assets.xcassets */; };
		048436382BE366160065493A /* WatchLandmarks Watch App.app in Embed Watch Content */ = {isa = PBXBuildFile; fileRef = 0484362B2BE366140065493A /* WatchLandmarks Watch App.app */; settings = {ATTRIBUTES = (RemoveHeadersOnCopy, ); }; };
		048F72102BDA28B6000AB17C /* landmarkData.json in Resources */ = {isa = PBXBuildFile; fileRef = 048F720F2BDA28B6000AB17C /* landmarkData.json */; };
		048F721B2BDA2924000AB17C /* Hike.swift in Sources */ = {isa = PBXBuildFile; fileRef = 048F721A2BDA2924000AB17C /* Hike.swift */; };
		048F721D2BDA2949000AB17C /* hikeData.json in Resources */ = {isa = PBXBuildFile; fileRef = 048F721C2BDA2949000AB17C /* hikeData.json */; };
		049BDC0F2BD79F5E00274B94 /* FavoriteButton.swift in Sources */ = {isa = PBXBuildFile; fileRef = 049BDC0E2BD79F5E00274B94 /* FavoriteButton.swift */; };
		049BDC132BD7A68A00274B94 /* HexagonParameters.swift in Sources */ = {isa = PBXBuildFile; fileRef = 049BDC122BD7A68A00274B94 /* HexagonParameters.swift */; };
		049BDC152BD7AC9600274B94 /* BadgeBackground.swift in Sources */ = {isa = PBXBuildFile; fileRef = 049BDC142BD7AC9600274B94 /* BadgeBackground.swift */; };
		049BDC172BD7AFAE00274B94 /* BadgeSymbol.swift in Sources */ = {isa = PBXBuildFile; fileRef = 049BDC162BD7AFAE00274B94 /* BadgeSymbol.swift */; };
		049BDC192BD7B1C600274B94 /* RotatedBadgeSymbol.swift in Sources */ = {isa = PBXBuildFile; fileRef = 049BDC182BD7B1C600274B94 /* RotatedBadgeSymbol.swift */; };
		049BDC1B2BD7B2C800274B94 /* Badge.swift in Sources */ = {isa = PBXBuildFile; fileRef = 049BDC1A2BD7B2C800274B94 /* Badge.swift */; };
		04F6C3EA2BD1FCDC009D1E0F /* CircleImage.swift in Sources */ = {isa = PBXBuildFile; fileRef = 04F6C3E92BD1FCDC009D1E0F /* CircleImage.swift */; };
		04F6C3EC2BD1FE62009D1E0F /* MapView.swift .swift in Sources */ = {isa = PBXBuildFile; fileRef = 04F6C3EB2BD1FE62009D1E0F /* MapView.swift .swift */; };
		04F6C3F72BD20616009D1E0F /* Landmarks.swift in Sources */ = {isa = PBXBuildFile; fileRef = 04F6C3F62BD20616009D1E0F /* Landmarks.swift */; };
		04F6C4042BD2084F009D1E0F /* ModelData.swift in Sources */ = {isa = PBXBuildFile; fileRef = 04F6C4032BD2084F009D1E0F /* ModelData.swift */; };
		04F6C4092BD2090F009D1E0F /* LandmarkRow.swift in Sources */ = {isa = PBXBuildFile; fileRef = 04F6C4082BD2090F009D1E0F /* LandmarkRow.swift */; };
		04F6C40B2BD20CE3009D1E0F /* LandmarkList.swift in Sources */ = {isa = PBXBuildFile; fileRef = 04F6C40A2BD20CE3009D1E0F /* LandmarkList.swift */; };
		04F6C40D2BD20EBD009D1E0F /* LandmarkDetail.swift in Sources */ = {isa = PBXBuildFile; fileRef = 04F6C40C2BD20EBD009D1E0F /* LandmarkDetail.swift */; };
/* End PBXBuildFile section */

/* Begin PBXContainerItemProxy section */
		048436362BE366160065493A /* PBXContainerItemProxy */ = {
			isa = PBXContainerItemProxy;
			containerPortal = 0460B5A52BD0E75E00D697D2 /* Project object */;
			proxyType = 1;
			remoteGlobalIDString = 0484362A2BE366140065493A;
			remoteInfo = "WatchLandmarks Watch App";
		};
/* End PBXContainerItemProxy section */

/* Begin PBXCopyFilesBuildPhase section */
		0484363C2BE366160065493A /* Embed Watch Content */ = {
			isa = PBXCopyFilesBuildPhase;
			buildActionMask = 2147483647;
			dstPath = "$(CONTENTS_FOLDER_PATH)/Watch";
			dstSubfolderSpec = 16;
			files = (
				048436382BE366160065493A /* WatchLandmarks Watch App.app in Embed Watch Content */,
			);
			name = "Embed Watch Content";
			runOnlyForDeploymentPostprocessing = 0;
		};
/* End PBXCopyFilesBuildPhase section */

/* Begin PBXFileReference section */
		044E0CA42BDB5A9000DFA108 /* Profile.swift */ = {isa = PBXFileReference; lastKnownFileType = sourcecode.swift; path = Profile.swift; sourceTree = "<group>"; };
		044E0CA72BDB5AC800DFA108 /* ProfileHost.swift */ = {isa = PBXFileReference; lastKnownFileType = sourcecode.swift; path = ProfileHost.swift; sourceTree = "<group>"; };
		044E0CA92BDB5AEF00DFA108 /* ProfileSummary.swift */ = {isa = PBXFileReference; lastKnownFileType = sourcecode.swift; path = ProfileSummary.swift; sourceTree = "<group>"; };
		044E0CAB2BDB5C0100DFA108 /* HikeBadge.swift */ = {isa = PBXFileReference; lastKnownFileType = sourcecode.swift; name = HikeBadge.swift; path = Landmarks/View/HikeBadge.swift; sourceTree = SOURCE_ROOT; };
		044E0CAD2BDB5DA500DFA108 /* ProfileEditor.swift */ = {isa = PBXFileReference; lastKnownFileType = sourcecode.swift; path = ProfileEditor.swift; sourceTree = "<group>"; };
		045674A02BDB414E001A11AE /* CategoryRow.swift */ = {isa = PBXFileReference; lastKnownFileType = sourcecode.swift; path = CategoryRow.swift; sourceTree = "<group>"; };
		0459AFE02BDB51FE00FF9FF6 /* GraphCapsule.swift */ = {isa = PBXFileReference; fileEncoding = 4; lastKnownFileType = sourcecode.swift; path = GraphCapsule.swift; sourceTree = "<group>"; };
		0459AFE12BDB51FE00FF9FF6 /* HikeDetail.swift */ = {isa = PBXFileReference; fileEncoding = 4; lastKnownFileType = sourcecode.swift; path = HikeDetail.swift; sourceTree = "<group>"; };
		0459AFE22BDB51FE00FF9FF6 /* HikeGraph.swift */ = {isa = PBXFileReference; fileEncoding = 4; lastKnownFileType = sourcecode.swift; path = HikeGraph.swift; sourceTree = "<group>"; };
		0459AFE32BDB51FE00FF9FF6 /* HikeView.swift */ = {isa = PBXFileReference; fileEncoding = 4; lastKnownFileType = sourcecode.swift; path = HikeView.swift; sourceTree = "<group>"; };
		0459AFE92BDB532400FF9FF6 /* CategoryHome.swift */ = {isa = PBXFileReference; fileEncoding = 4; lastKnownFileType = sourcecode.swift; path = CategoryHome.swift; sourceTree = "<group>"; };
		0460B5AD2BD0E75E00D697D2 /* Landmarks.app */ = {isa = PBXFileReference; explicitFileType = wrapper.application; includeInIndex = 0; path = Landmarks.app; sourceTree = BUILT_PRODUCTS_DIR; };
		0460B5B02BD0E75E00D697D2 /* LandmarksApp.swift */ = {isa = PBXFileReference; lastKnownFileType = sourcecode.swift; path = LandmarksApp.swift; sourceTree = "<group>"; };
		0460B5B22BD0E75E00D697D2 /* ContentView.swift */ = {isa = PBXFileReference; lastKnownFileType = sourcecode.swift; path = ContentView.swift; sourceTree = "<group>"; };
		0460B5B42BD0E75F00D697D2 /* Assets.xcassets */ = {isa = PBXFileReference; lastKnownFileType = folder.assetcatalog; path = Assets.xcassets; sourceTree = "<group>"; };
		0460B5B72BD0E75F00D697D2 /* Preview Assets.xcassets */ = {isa = PBXFileReference; lastKnownFileType = folder.assetcatalog; path = "Preview Assets.xcassets"; sourceTree = "<group>"; };
		046F383C2BDB445F00B8D370 /* CategoryItem.swift */ = {isa = PBXFileReference; lastKnownFileType = sourcecode.swift; path = CategoryItem.swift; sourceTree = "<group>"; };
		0484361D2BE355E80065493A /* PageViewController.swift */ = {isa = PBXFileReference; lastKnownFileType = sourcecode.swift; path = PageViewController.swift; sourceTree = "<group>"; };
		048436212BE359F10065493A /* FeatureCard.swift */ = {isa = PBXFileReference; lastKnownFileType = sourcecode.swift; path = FeatureCard.swift; sourceTree = "<group>"; };
		048436232BE35AE80065493A /* PageView.swift */ = {isa = PBXFileReference; lastKnownFileType = sourcecode.swift; path = PageView.swift; sourceTree = "<group>"; };
		048436252BE3610F0065493A /* PageControl.swift */ = {isa = PBXFileReference; lastKnownFileType = sourcecode.swift; path = PageControl.swift; sourceTree = "<group>"; };
		0484362B2BE366140065493A /* WatchLandmarks Watch App.app */ = {isa = PBXFileReference; explicitFileType = wrapper.application; includeInIndex = 0; path = "WatchLandmarks Watch App.app"; sourceTree = BUILT_PRODUCTS_DIR; };
		0484362D2BE366140065493A /* WatchLandmarksApp.swift */ = {isa = PBXFileReference; lastKnownFileType = sourcecode.swift; path = WatchLandmarksApp.swift; sourceTree = "<group>"; };
		0484362F2BE366140065493A /* ContentView.swift */ = {isa = PBXFileReference; lastKnownFileType = sourcecode.swift; path = ContentView.swift; sourceTree = "<group>"; };
		048436312BE366160065493A /* Assets.xcassets */ = {isa = PBXFileReference; lastKnownFileType = folder.assetcatalog; path = Assets.xcassets; sourceTree = "<group>"; };
		048436342BE366160065493A /* Preview Assets.xcassets */ = {isa = PBXFileReference; lastKnownFileType = folder.assetcatalog; path = "Preview Assets.xcassets"; sourceTree = "<group>"; };
		048F720F2BDA28B6000AB17C /* landmarkData.json */ = {isa = PBXFileReference; fileEncoding = 4; lastKnownFileType = text.json; path = landmarkData.json; sourceTree = "<group>"; };
		048F721A2BDA2924000AB17C /* Hike.swift */ = {isa = PBXFileReference; fileEncoding = 4; lastKnownFileType = sourcecode.swift; name = Hike.swift; path = "../../../../../Downloads/AnimatingViewsAndTransitions-2/Complete/Landmarks/Model/Hike.swift"; sourceTree = "<group>"; };
		048F721C2BDA2949000AB17C /* hikeData.json */ = {isa = PBXFileReference; fileEncoding = 4; lastKnownFileType = text.json; name = hikeData.json; path = "../../../../../Downloads/AnimatingViewsAndTransitions-2/Complete/Landmarks/Resources/hikeData.json"; sourceTree = "<group>"; };
		049BDC0E2BD79F5E00274B94 /* FavoriteButton.swift */ = {isa = PBXFileReference; lastKnownFileType = sourcecode.swift; path = FavoriteButton.swift; sourceTree = "<group>"; };
		049BDC122BD7A68A00274B94 /* HexagonParameters.swift */ = {isa = PBXFileReference; lastKnownFileType = sourcecode.swift; path = HexagonParameters.swift; sourceTree = "<group>"; };
		049BDC142BD7AC9600274B94 /* BadgeBackground.swift */ = {isa = PBXFileReference; lastKnownFileType = sourcecode.swift; path = BadgeBackground.swift; sourceTree = "<group>"; };
		049BDC162BD7AFAE00274B94 /* BadgeSymbol.swift */ = {isa = PBXFileReference; lastKnownFileType = sourcecode.swift; path = BadgeSymbol.swift; sourceTree = "<group>"; };
		049BDC182BD7B1C600274B94 /* RotatedBadgeSymbol.swift */ = {isa = PBXFileReference; lastKnownFileType = sourcecode.swift; path = RotatedBadgeSymbol.swift; sourceTree = "<group>"; };
		049BDC1A2BD7B2C800274B94 /* Badge.swift */ = {isa = PBXFileReference; lastKnownFileType = sourcecode.swift; path = Badge.swift; sourceTree = "<group>"; };
		04F6C3E92BD1FCDC009D1E0F /* CircleImage.swift */ = {isa = PBXFileReference; lastKnownFileType = sourcecode.swift; path = CircleImage.swift; sourceTree = "<group>"; };
		04F6C3EB2BD1FE62009D1E0F /* MapView.swift .swift */ = {isa = PBXFileReference; lastKnownFileType = sourcecode.swift; path = "MapView.swift .swift"; sourceTree = "<group>"; };
		04F6C3ED2BD2053D009D1E0F /* Landmarks.xcodeproj */ = {isa = PBXFileReference; lastKnownFileType = "wrapper.pb-project"; path = Landmarks.xcodeproj; sourceTree = SOURCE_ROOT; };
		04F6C3F62BD20616009D1E0F /* Landmarks.swift */ = {isa = PBXFileReference; lastKnownFileType = sourcecode.swift; path = Landmarks.swift; sourceTree = "<group>"; };
		04F6C4032BD2084F009D1E0F /* ModelData.swift */ = {isa = PBXFileReference; lastKnownFileType = sourcecode.swift; path = ModelData.swift; sourceTree = "<group>"; };
		04F6C4082BD2090F009D1E0F /* LandmarkRow.swift */ = {isa = PBXFileReference; lastKnownFileType = sourcecode.swift; path = LandmarkRow.swift; sourceTree = "<group>"; };
		04F6C40A2BD20CE3009D1E0F /* LandmarkList.swift */ = {isa = PBXFileReference; lastKnownFileType = sourcecode.swift; path = LandmarkList.swift; sourceTree = "<group>"; };
		04F6C40C2BD20EBD009D1E0F /* LandmarkDetail.swift */ = {isa = PBXFileReference; lastKnownFileType = sourcecode.swift; path = LandmarkDetail.swift; sourceTree = "<group>"; };
/* End PBXFileReference section */

/* Begin PBXFrameworksBuildPhase section */
		0460B5AA2BD0E75E00D697D2 /* Frameworks */ = {
			isa = PBXFrameworksBuildPhase;
			buildActionMask = 2147483647;
			files = (
			);
			runOnlyForDeploymentPostprocessing = 0;
		};
		048436282BE366140065493A /* Frameworks */ = {
			isa = PBXFrameworksBuildPhase;
			buildActionMask = 2147483647;
			files = (
			);
			runOnlyForDeploymentPostprocessing = 0;
		};
/* End PBXFrameworksBuildPhase section */

/* Begin PBXGroup section */
		044E0CA62BDB5AA200DFA108 /* Profiles */ = {
			isa = PBXGroup;
			children = (
				044E0CA72BDB5AC800DFA108 /* ProfileHost.swift */,
				044E0CAD2BDB5DA500DFA108 /* ProfileEditor.swift */,
				044E0CA92BDB5AEF00DFA108 /* ProfileSummary.swift */,
			);
			path = Profiles;
			sourceTree = "<group>";
		};
		0456749D2BDB3A20001A11AE /* Category */ = {
			isa = PBXGroup;
			children = (
				0459AFE92BDB532400FF9FF6 /* CategoryHome.swift */,
				045674A02BDB414E001A11AE /* CategoryRow.swift */,
				046F383C2BDB445F00B8D370 /* CategoryItem.swift */,
			);
			path = Category;
			sourceTree = "<group>";
		};
		0459AFE42BDB51FE00FF9FF6 /* Hikes */ = {
			isa = PBXGroup;
			children = (
				0459AFE02BDB51FE00FF9FF6 /* GraphCapsule.swift */,
				0459AFE12BDB51FE00FF9FF6 /* HikeDetail.swift */,
				0459AFE22BDB51FE00FF9FF6 /* HikeGraph.swift */,
				0459AFE32BDB51FE00FF9FF6 /* HikeView.swift */,
			);
			name = Hikes;
			path = Landmarks/View/Hikes;
			sourceTree = SOURCE_ROOT;
		};
		0460B5A42BD0E75E00D697D2 = {
			isa = PBXGroup;
			children = (
				0460B5AF2BD0E75E00D697D2 /* Landmarks */,
				0484362C2BE366140065493A /* WatchLandmarks Watch App */,
				0460B5AE2BD0E75E00D697D2 /* Products */,
			);
			sourceTree = "<group>";
		};
		0460B5AE2BD0E75E00D697D2 /* Products */ = {
			isa = PBXGroup;
			children = (
				0460B5AD2BD0E75E00D697D2 /* Landmarks.app */,
				0484362B2BE366140065493A /* WatchLandmarks Watch App.app */,
			);
			name = Products;
			sourceTree = "<group>";
		};
		0460B5AF2BD0E75E00D697D2 /* Landmarks */ = {
			isa = PBXGroup;
			children = (
				0460B5B42BD0E75F00D697D2 /* Assets.xcassets */,
				0460B5B02BD0E75E00D697D2 /* LandmarksApp.swift */,
				04F6C4062BD208B1009D1E0F /* Model */,
				04F6C4052BD208A8009D1E0F /* View */,
				04F6C4072BD208CB009D1E0F /* Resource */,
				0460B5B62BD0E75F00D697D2 /* Preview Content */,
			);
			path = Landmarks;
			sourceTree = "<group>";
		};
		0460B5B62BD0E75F00D697D2 /* Preview Content */ = {
			isa = PBXGroup;
			children = (
				04F6C3ED2BD2053D009D1E0F /* Landmarks.xcodeproj */,
				0460B5B72BD0E75F00D697D2 /* Preview Assets.xcassets */,
			);
			path = "Preview Content";
			sourceTree = "<group>";
		};
		0484361C2BE355B90065493A /* PageView */ = {
			isa = PBXGroup;
			children = (
				0484361D2BE355E80065493A /* PageViewController.swift */,
				048436252BE3610F0065493A /* PageControl.swift */,
				048436232BE35AE80065493A /* PageView.swift */,
			);
			path = PageView;
			sourceTree = "<group>";
		};
		0484362C2BE366140065493A /* WatchLandmarks Watch App */ = {
			isa = PBXGroup;
			children = (
				0484362D2BE366140065493A /* WatchLandmarksApp.swift */,
				0484362F2BE366140065493A /* ContentView.swift */,
				048436312BE366160065493A /* Assets.xcassets */,
				048436332BE366160065493A /* Preview Content */,
			);
			path = "WatchLandmarks Watch App";
			sourceTree = "<group>";
		};
		048436332BE366160065493A /* Preview Content */ = {
			isa = PBXGroup;
			children = (
				048436342BE366160065493A /* Preview Assets.xcassets */,
			);
			path = "Preview Content";
			sourceTree = "<group>";
		};
		049BDC102BD7A0F200274B94 /* Helper */ = {
			isa = PBXGroup;
			children = (
				04F6C3E92BD1FCDC009D1E0F /* CircleImage.swift */,
				04F6C3EB2BD1FE62009D1E0F /* MapView.swift .swift */,
				049BDC0E2BD79F5E00274B94 /* FavoriteButton.swift */,
			);
			path = Helper;
			sourceTree = "<group>";
		};
		049BDC112BD7A0FE00274B94 /* Landmarks */ = {
			isa = PBXGroup;
			children = (
				04F6C40C2BD20EBD009D1E0F /* LandmarkDetail.swift */,
				04F6C40A2BD20CE3009D1E0F /* LandmarkList.swift */,
				04F6C4082BD2090F009D1E0F /* LandmarkRow.swift */,
			);
			path = Landmarks;
			sourceTree = "<group>";
		};
		049BDC1C2BD7B38D00274B94 /* Badge */ = {
			isa = PBXGroup;
			children = (
				044E0CAB2BDB5C0100DFA108 /* HikeBadge.swift */,
				049BDC1A2BD7B2C800274B94 /* Badge.swift */,
				049BDC182BD7B1C600274B94 /* RotatedBadgeSymbol.swift */,
				049BDC122BD7A68A00274B94 /* HexagonParameters.swift */,
				049BDC142BD7AC9600274B94 /* BadgeBackground.swift */,
				049BDC162BD7AFAE00274B94 /* BadgeSymbol.swift */,
			);
			path = Badge;
			sourceTree = "<group>";
		};
		04F6C3EE2BD2053D009D1E0F /* Products */ = {
			isa = PBXGroup;
			name = Products;
			sourceTree = "<group>";
		};
		04F6C4052BD208A8009D1E0F /* View */ = {
			isa = PBXGroup;
			children = (
				048436212BE359F10065493A /* FeatureCard.swift */,
				0460B5B22BD0E75E00D697D2 /* ContentView.swift */,
				0484361C2BE355B90065493A /* PageView */,
				044E0CA62BDB5AA200DFA108 /* Profiles */,
				0459AFE42BDB51FE00FF9FF6 /* Hikes */,
				0456749D2BDB3A20001A11AE /* Category */,
				049BDC102BD7A0F200274B94 /* Helper */,
				049BDC1C2BD7B38D00274B94 /* Badge */,
				049BDC112BD7A0FE00274B94 /* Landmarks */,
			);
			path = View;
			sourceTree = "<group>";
		};
		04F6C4062BD208B1009D1E0F /* Model */ = {
			isa = PBXGroup;
			children = (
				048F721A2BDA2924000AB17C /* Hike.swift */,
				04F6C4032BD2084F009D1E0F /* ModelData.swift */,
				04F6C3F62BD20616009D1E0F /* Landmarks.swift */,
				044E0CA42BDB5A9000DFA108 /* Profile.swift */,
			);
			path = Model;
			sourceTree = "<group>";
		};
		04F6C4072BD208CB009D1E0F /* Resource */ = {
			isa = PBXGroup;
			children = (
				048F721C2BDA2949000AB17C /* hikeData.json */,
				048F720F2BDA28B6000AB17C /* landmarkData.json */,
			);
			path = Resource;
			sourceTree = "<group>";
		};
/* End PBXGroup section */

/* Begin PBXNativeTarget section */
		0460B5AC2BD0E75E00D697D2 /* Landmarks */ = {
			isa = PBXNativeTarget;
			buildConfigurationList = 0460B5BB2BD0E75F00D697D2 /* Build configuration list for PBXNativeTarget "Landmarks" */;
			buildPhases = (
				0460B5A92BD0E75E00D697D2 /* Sources */,
				0460B5AA2BD0E75E00D697D2 /* Frameworks */,
				0460B5AB2BD0E75E00D697D2 /* Resources */,
				0484363C2BE366160065493A /* Embed Watch Content */,
			);
			buildRules = (
			);
			dependencies = (
				048436372BE366160065493A /* PBXTargetDependency */,
			);
			name = Landmarks;
			productName = Landmarks;
			productReference = 0460B5AD2BD0E75E00D697D2 /* Landmarks.app */;
			productType = "com.apple.product-type.application";
		};
		0484362A2BE366140065493A /* WatchLandmarks Watch App */ = {
			isa = PBXNativeTarget;
			buildConfigurationList = 048436392BE366160065493A /* Build configuration list for PBXNativeTarget "WatchLandmarks Watch App" */;
			buildPhases = (
				048436272BE366140065493A /* Sources */,
				048436282BE366140065493A /* Frameworks */,
				048436292BE366140065493A /* Resources */,
			);
			buildRules = (
			);
			dependencies = (
			);
			name = "WatchLandmarks Watch App";
			productName = "WatchLandmarks Watch App";
			productReference = 0484362B2BE366140065493A /* WatchLandmarks Watch App.app */;
			productType = "com.apple.product-type.application";
		};
/* End PBXNativeTarget section */

/* Begin PBXProject section */
		0460B5A52BD0E75E00D697D2 /* Project object */ = {
			isa = PBXProject;
			attributes = {
				BuildIndependentTargetsInParallel = 1;
				LastSwiftUpdateCheck = 1530;
				LastUpgradeCheck = 1530;
				TargetAttributes = {
					0460B5AC2BD0E75E00D697D2 = {
						CreatedOnToolsVersion = 15.3;
					};
					0484362A2BE366140065493A = {
						CreatedOnToolsVersion = 15.3;
					};
				};
			};
			buildConfigurationList = 0460B5A82BD0E75E00D697D2 /* Build configuration list for PBXProject "Landmarks" */;
			compatibilityVersion = "Xcode 14.0";
			developmentRegion = en;
			hasScannedForEncodings = 0;
			knownRegions = (
				en,
				Base,
			);
			mainGroup = 0460B5A42BD0E75E00D697D2;
			productRefGroup = 0460B5AE2BD0E75E00D697D2 /* Products */;
			projectDirPath = "";
			projectReferences = (
				{
					ProductGroup = 04F6C3EE2BD2053D009D1E0F /* Products */;
					ProjectRef = 04F6C3ED2BD2053D009D1E0F /* Landmarks.xcodeproj */;
				},
			);
			projectRoot = "";
			targets = (
				0460B5AC2BD0E75E00D697D2 /* Landmarks */,
				0484362A2BE366140065493A /* WatchLandmarks Watch App */,
			);
		};
/* End PBXProject section */

/* Begin PBXResourcesBuildPhase section */
		0460B5AB2BD0E75E00D697D2 /* Resources */ = {
			isa = PBXResourcesBuildPhase;
			buildActionMask = 2147483647;
			files = (
				048F721D2BDA2949000AB17C /* hikeData.json in Resources */,
				0460B5B82BD0E75F00D697D2 /* Preview Assets.xcassets in Resources */,
				0460B5B52BD0E75F00D697D2 /* Assets.xcassets in Resources */,
				048F72102BDA28B6000AB17C /* landmarkData.json in Resources */,
			);
			runOnlyForDeploymentPostprocessing = 0;
		};
		048436292BE366140065493A /* Resources */ = {
			isa = PBXResourcesBuildPhase;
			buildActionMask = 2147483647;
			files = (
				048436352BE366160065493A /* Preview Assets.xcassets in Resources */,
				048436322BE366160065493A /* Assets.xcassets in Resources */,
			);
			runOnlyForDeploymentPostprocessing = 0;
		};
/* End PBXResourcesBuildPhase section */

/* Begin PBXSourcesBuildPhase section */
		0460B5A92BD0E75E00D697D2 /* Sources */ = {
			isa = PBXSourcesBuildPhase;
			buildActionMask = 2147483647;
			files = (
				045674A12BDB414E001A11AE /* CategoryRow.swift in Sources */,
				044E0CA52BDB5A9000DFA108 /* Profile.swift in Sources */,
				0460B5B32BD0E75E00D697D2 /* ContentView.swift in Sources */,
				049BDC1B2BD7B2C800274B94 /* Badge.swift in Sources */,
				0460B5B12BD0E75E00D697D2 /* LandmarksApp.swift in Sources */,
				04F6C3EA2BD1FCDC009D1E0F /* CircleImage.swift in Sources */,
				049BDC132BD7A68A00274B94 /* HexagonParameters.swift in Sources */,
				049BDC0F2BD79F5E00274B94 /* FavoriteButton.swift in Sources */,
				0459AFE62BDB51FE00FF9FF6 /* HikeDetail.swift in Sources */,
				048436222BE359F10065493A /* FeatureCard.swift in Sources */,
				048436262BE3610F0065493A /* PageControl.swift in Sources */,
				046F383D2BDB445F00B8D370 /* CategoryItem.swift in Sources */,
				049BDC192BD7B1C600274B94 /* RotatedBadgeSymbol.swift in Sources */,
				049BDC172BD7AFAE00274B94 /* BadgeSymbol.swift in Sources */,
				044E0CAA2BDB5AEF00DFA108 /* ProfileSummary.swift in Sources */,
				0459AFE82BDB51FE00FF9FF6 /* HikeView.swift in Sources */,
				044E0CA82BDB5AC800DFA108 /* ProfileHost.swift in Sources */,
				048F721B2BDA2924000AB17C /* Hike.swift in Sources */,
				04F6C40B2BD20CE3009D1E0F /* LandmarkList.swift in Sources */,
				048436242BE35AE80065493A /* PageView.swift in Sources */,
				04F6C40D2BD20EBD009D1E0F /* LandmarkDetail.swift in Sources */,
				044E0CAE2BDB5DA500DFA108 /* ProfileEditor.swift in Sources */,
				049BDC152BD7AC9600274B94 /* BadgeBackground.swift in Sources */,
				04F6C3F72BD20616009D1E0F /* Landmarks.swift in Sources */,
				0459AFE72BDB51FE00FF9FF6 /* HikeGraph.swift in Sources */,
				0484361E2BE355E80065493A /* PageViewController.swift in Sources */,
				0459AFE52BDB51FE00FF9FF6 /* GraphCapsule.swift in Sources */,
				044E0CAC2BDB5C0100DFA108 /* HikeBadge.swift in Sources */,
				04F6C3EC2BD1FE62009D1E0F /* MapView.swift .swift in Sources */,
				04F6C4092BD2090F009D1E0F /* LandmarkRow.swift in Sources */,
				0459AFEA2BDB532400FF9FF6 /* CategoryHome.swift in Sources */,
				04F6C4042BD2084F009D1E0F /* ModelData.swift in Sources */,
			);
			runOnlyForDeploymentPostprocessing = 0;
		};
		048436272BE366140065493A /* Sources */ = {
			isa = PBXSourcesBuildPhase;
			buildActionMask = 2147483647;
			files = (
				048436302BE366140065493A /* ContentView.swift in Sources */,
				0484362E2BE366140065493A /* WatchLandmarksApp.swift in Sources */,
			);
			runOnlyForDeploymentPostprocessing = 0;
		};
/* End PBXSourcesBuildPhase section */

/* Begin PBXTargetDependency section */
		048436372BE366160065493A /* PBXTargetDependency */ = {
			isa = PBXTargetDependency;
			target = 0484362A2BE366140065493A /* WatchLandmarks Watch App */;
			targetProxy = 048436362BE366160065493A /* PBXContainerItemProxy */;
		};
/* End PBXTargetDependency section */

/* Begin XCBuildConfiguration section */
		0460B5B92BD0E75F00D697D2 /* Debug */ = {
			isa = XCBuildConfiguration;
			buildSettings = {
				ALWAYS_SEARCH_USER_PATHS = NO;
				ASSETCATALOG_COMPILER_GENERATE_SWIFT_ASSET_SYMBOL_EXTENSIONS = YES;
				CLANG_ANALYZER_NONNULL = YES;
				CLANG_ANALYZER_NUMBER_OBJECT_CONVERSION = YES_AGGRESSIVE;
				CLANG_CXX_LANGUAGE_STANDARD = "gnu++20";
				CLANG_ENABLE_MODULES = YES;
				CLANG_ENABLE_OBJC_ARC = YES;
				CLANG_ENABLE_OBJC_WEAK = YES;
				CLANG_WARN_BLOCK_CAPTURE_AUTORELEASING = YES;
				CLANG_WARN_BOOL_CONVERSION = YES;
				CLANG_WARN_COMMA = YES;
				CLANG_WARN_CONSTANT_CONVERSION = YES;
				CLANG_WARN_DEPRECATED_OBJC_IMPLEMENTATIONS = YES;
				CLANG_WARN_DIRECT_OBJC_ISA_USAGE = YES_ERROR;
				CLANG_WARN_DOCUMENTATION_COMMENTS = YES;
				CLANG_WARN_EMPTY_BODY = YES;
				CLANG_WARN_ENUM_CONVERSION = YES;
				CLANG_WARN_INFINITE_RECURSION = YES;
				CLANG_WARN_INT_CONVERSION = YES;
				CLANG_WARN_NON_LITERAL_NULL_CONVERSION = YES;
				CLANG_WARN_OBJC_IMPLICIT_RETAIN_SELF = YES;
				CLANG_WARN_OBJC_LITERAL_CONVERSION = YES;
				CLANG_WARN_OBJC_ROOT_CLASS = YES_ERROR;
				CLANG_WARN_QUOTED_INCLUDE_IN_FRAMEWORK_HEADER = YES;
				CLANG_WARN_RANGE_LOOP_ANALYSIS = YES;
				CLANG_WARN_STRICT_PROTOTYPES = YES;
				CLANG_WARN_SUSPICIOUS_MOVE = YES;
				CLANG_WARN_UNGUARDED_AVAILABILITY = YES_AGGRESSIVE;
				CLANG_WARN_UNREACHABLE_CODE = YES;
				CLANG_WARN__DUPLICATE_METHOD_MATCH = YES;
				COPY_PHASE_STRIP = NO;
				DEBUG_INFORMATION_FORMAT = dwarf;
				ENABLE_STRICT_OBJC_MSGSEND = YES;
				ENABLE_TESTABILITY = YES;
				ENABLE_USER_SCRIPT_SANDBOXING = YES;
				GCC_C_LANGUAGE_STANDARD = gnu17;
				GCC_DYNAMIC_NO_PIC = NO;
				GCC_NO_COMMON_BLOCKS = YES;
				GCC_OPTIMIZATION_LEVEL = 0;
				GCC_PREPROCESSOR_DEFINITIONS = (
					"DEBUG=1",
					"$(inherited)",
				);
				GCC_WARN_64_TO_32_BIT_CONVERSION = YES;
				GCC_WARN_ABOUT_RETURN_TYPE = YES_ERROR;
				GCC_WARN_UNDECLARED_SELECTOR = YES;
				GCC_WARN_UNINITIALIZED_AUTOS = YES_AGGRESSIVE;
				GCC_WARN_UNUSED_FUNCTION = YES;
				GCC_WARN_UNUSED_VARIABLE = YES;
				IPHONEOS_DEPLOYMENT_TARGET = 17.4;
				LOCALIZATION_PREFERS_STRING_CATALOGS = YES;
				MTL_ENABLE_DEBUG_INFO = INCLUDE_SOURCE;
				MTL_FAST_MATH = YES;
				ONLY_ACTIVE_ARCH = YES;
				SDKROOT = iphoneos;
				SWIFT_ACTIVE_COMPILATION_CONDITIONS = "DEBUG $(inherited)";
				SWIFT_OPTIMIZATION_LEVEL = "-Onone";
			};
			name = Debug;
		};
		0460B5BA2BD0E75F00D697D2 /* Release */ = {
			isa = XCBuildConfiguration;
			buildSettings = {
				ALWAYS_SEARCH_USER_PATHS = NO;
				ASSETCATALOG_COMPILER_GENERATE_SWIFT_ASSET_SYMBOL_EXTENSIONS = YES;
				CLANG_ANALYZER_NONNULL = YES;
				CLANG_ANALYZER_NUMBER_OBJECT_CONVERSION = YES_AGGRESSIVE;
				CLANG_CXX_LANGUAGE_STANDARD = "gnu++20";
				CLANG_ENABLE_MODULES = YES;
				CLANG_ENABLE_OBJC_ARC = YES;
				CLANG_ENABLE_OBJC_WEAK = YES;
				CLANG_WARN_BLOCK_CAPTURE_AUTORELEASING = YES;
				CLANG_WARN_BOOL_CONVERSION = YES;
				CLANG_WARN_COMMA = YES;
				CLANG_WARN_CONSTANT_CONVERSION = YES;
				CLANG_WARN_DEPRECATED_OBJC_IMPLEMENTATIONS = YES;
				CLANG_WARN_DIRECT_OBJC_ISA_USAGE = YES_ERROR;
				CLANG_WARN_DOCUMENTATION_COMMENTS = YES;
				CLANG_WARN_EMPTY_BODY = YES;
				CLANG_WARN_ENUM_CONVERSION = YES;
				CLANG_WARN_INFINITE_RECURSION = YES;
				CLANG_WARN_INT_CONVERSION = YES;
				CLANG_WARN_NON_LITERAL_NULL_CONVERSION = YES;
				CLANG_WARN_OBJC_IMPLICIT_RETAIN_SELF = YES;
				CLANG_WARN_OBJC_LITERAL_CONVERSION = YES;
				CLANG_WARN_OBJC_ROOT_CLASS = YES_ERROR;
				CLANG_WARN_QUOTED_INCLUDE_IN_FRAMEWORK_HEADER = YES;
				CLANG_WARN_RANGE_LOOP_ANALYSIS = YES;
				CLANG_WARN_STRICT_PROTOTYPES = YES;
				CLANG_WARN_SUSPICIOUS_MOVE = YES;
				CLANG_WARN_UNGUARDED_AVAILABILITY = YES_AGGRESSIVE;
				CLANG_WARN_UNREACHABLE_CODE = YES;
				CLANG_WARN__DUPLICATE_METHOD_MATCH = YES;
				COPY_PHASE_STRIP = NO;
				DEBUG_INFORMATION_FORMAT = "dwarf-with-dsym";
				ENABLE_NS_ASSERTIONS = NO;
				ENABLE_STRICT_OBJC_MSGSEND = YES;
				ENABLE_USER_SCRIPT_SANDBOXING = YES;
				GCC_C_LANGUAGE_STANDARD = gnu17;
				GCC_NO_COMMON_BLOCKS = YES;
				GCC_WARN_64_TO_32_BIT_CONVERSION = YES;
				GCC_WARN_ABOUT_RETURN_TYPE = YES_ERROR;
				GCC_WARN_UNDECLARED_SELECTOR = YES;
				GCC_WARN_UNINITIALIZED_AUTOS = YES_AGGRESSIVE;
				GCC_WARN_UNUSED_FUNCTION = YES;
				GCC_WARN_UNUSED_VARIABLE = YES;
				IPHONEOS_DEPLOYMENT_TARGET = 17.4;
				LOCALIZATION_PREFERS_STRING_CATALOGS = YES;
				MTL_ENABLE_DEBUG_INFO = NO;
				MTL_FAST_MATH = YES;
				SDKROOT = iphoneos;
				SWIFT_COMPILATION_MODE = wholemodule;
				VALIDATE_PRODUCT = YES;
			};
			name = Release;
		};
		0460B5BC2BD0E75F00D697D2 /* Debug */ = {
			isa = XCBuildConfiguration;
			buildSettings = {
				ALWAYS_EMBED_SWIFT_STANDARD_LIBRARIES = YES;
				ASSETCATALOG_COMPILER_APPICON_NAME = AppIcon;
				ASSETCATALOG_COMPILER_GLOBAL_ACCENT_COLOR_NAME = AccentColor;
				CODE_SIGN_STYLE = Automatic;
				CURRENT_PROJECT_VERSION = 1;
				DEVELOPMENT_ASSET_PATHS = "\"Landmarks/Preview Content\"";
				ENABLE_PREVIEWS = YES;
				GENERATE_INFOPLIST_FILE = YES;
				INFOPLIST_KEY_UIApplicationSceneManifest_Generation = YES;
				INFOPLIST_KEY_UIApplicationSupportsIndirectInputEvents = YES;
				INFOPLIST_KEY_UILaunchScreen_Generation = YES;
				INFOPLIST_KEY_UISupportedInterfaceOrientations_iPad = "UIInterfaceOrientationPortrait UIInterfaceOrientationPortraitUpsideDown UIInterfaceOrientationLandscapeLeft UIInterfaceOrientationLandscapeRight";
				INFOPLIST_KEY_UISupportedInterfaceOrientations_iPhone = "UIInterfaceOrientationPortrait UIInterfaceOrientationLandscapeLeft UIInterfaceOrientationLandscapeRight";
				LD_RUNPATH_SEARCH_PATHS = (
					"$(inherited)",
					"@executable_path/Frameworks",
				);
				MARKETING_VERSION = 1.0;
				PRODUCT_BUNDLE_IDENTIFIER = qwerty.Landmarks;
				PRODUCT_NAME = "$(TARGET_NAME)";
				SWIFT_EMIT_LOC_STRINGS = YES;
				SWIFT_VERSION = 5.0;
				TARGETED_DEVICE_FAMILY = "1,2";
			};
			name = Debug;
		};
		0460B5BD2BD0E75F00D697D2 /* Release */ = {
			isa = XCBuildConfiguration;
			buildSettings = {
				ALWAYS_EMBED_SWIFT_STANDARD_LIBRARIES = YES;
				ASSETCATALOG_COMPILER_APPICON_NAME = AppIcon;
				ASSETCATALOG_COMPILER_GLOBAL_ACCENT_COLOR_NAME = AccentColor;
				CODE_SIGN_STYLE = Automatic;
				CURRENT_PROJECT_VERSION = 1;
				DEVELOPMENT_ASSET_PATHS = "\"Landmarks/Preview Content\"";
				ENABLE_PREVIEWS = YES;
				GENERATE_INFOPLIST_FILE = YES;
				INFOPLIST_KEY_UIApplicationSceneManifest_Generation = YES;
				INFOPLIST_KEY_UIApplicationSupportsIndirectInputEvents = YES;
				INFOPLIST_KEY_UILaunchScreen_Generation = YES;
				INFOPLIST_KEY_UISupportedInterfaceOrientations_iPad = "UIInterfaceOrientationPortrait UIInterfaceOrientationPortraitUpsideDown UIInterfaceOrientationLandscapeLeft UIInterfaceOrientationLandscapeRight";
				INFOPLIST_KEY_UISupportedInterfaceOrientations_iPhone = "UIInterfaceOrientationPortrait UIInterfaceOrientationLandscapeLeft UIInterfaceOrientationLandscapeRight";
				LD_RUNPATH_SEARCH_PATHS = (
					"$(inherited)",
					"@executable_path/Frameworks",
				);
				MARKETING_VERSION = 1.0;
				PRODUCT_BUNDLE_IDENTIFIER = qwerty.Landmarks;
				PRODUCT_NAME = "$(TARGET_NAME)";
				SWIFT_EMIT_LOC_STRINGS = YES;
				SWIFT_VERSION = 5.0;
				TARGETED_DEVICE_FAMILY = "1,2";
			};
			name = Release;
		};
		0484363A2BE366160065493A /* Debug */ = {
			isa = XCBuildConfiguration;
			buildSettings = {
				ASSETCATALOG_COMPILER_APPICON_NAME = AppIcon;
				ASSETCATALOG_COMPILER_GLOBAL_ACCENT_COLOR_NAME = AccentColor;
				CODE_SIGN_STYLE = Automatic;
				CURRENT_PROJECT_VERSION = 1;
				DEVELOPMENT_ASSET_PATHS = "\"WatchLandmarks Watch App/Preview Content\"";
				ENABLE_PREVIEWS = YES;
				GENERATE_INFOPLIST_FILE = YES;
				INFOPLIST_KEY_CFBundleDisplayName = WatchLandmarks;
				INFOPLIST_KEY_UISupportedInterfaceOrientations = "UIInterfaceOrientationPortrait UIInterfaceOrientationPortraitUpsideDown";
				INFOPLIST_KEY_WKCompanionAppBundleIdentifier = qwerty.Landmarks;
				LD_RUNPATH_SEARCH_PATHS = (
					"$(inherited)",
					"@executable_path/Frameworks",
				);
				MARKETING_VERSION = 1.0;
				PRODUCT_BUNDLE_IDENTIFIER = qwerty.Landmarks.watchkitapp;
				PRODUCT_NAME = "$(TARGET_NAME)";
				SDKROOT = watchos;
				SKIP_INSTALL = YES;
				SWIFT_EMIT_LOC_STRINGS = YES;
				SWIFT_VERSION = 5.0;
				TARGETED_DEVICE_FAMILY = 4;
				WATCHOS_DEPLOYMENT_TARGET = 10.4;
			};
			name = Debug;
		};
		0484363B2BE366160065493A /* Release */ = {
			isa = XCBuildConfiguration;
			buildSettings = {
				ASSETCATALOG_COMPILER_APPICON_NAME = AppIcon;
				ASSETCATALOG_COMPILER_GLOBAL_ACCENT_COLOR_NAME = AccentColor;
				CODE_SIGN_STYLE = Automatic;
				CURRENT_PROJECT_VERSION = 1;
				DEVELOPMENT_ASSET_PATHS = "\"WatchLandmarks Watch App/Preview Content\"";
				ENABLE_PREVIEWS = YES;
				GENERATE_INFOPLIST_FILE = YES;
				INFOPLIST_KEY_CFBundleDisplayName = WatchLandmarks;
				INFOPLIST_KEY_UISupportedInterfaceOrientations = "UIInterfaceOrientationPortrait UIInterfaceOrientationPortraitUpsideDown";
				INFOPLIST_KEY_WKCompanionAppBundleIdentifier = qwerty.Landmarks;
				LD_RUNPATH_SEARCH_PATHS = (
					"$(inherited)",
					"@executable_path/Frameworks",
				);
				MARKETING_VERSION = 1.0;
				PRODUCT_BUNDLE_IDENTIFIER = qwerty.Landmarks.watchkitapp;
				PRODUCT_NAME = "$(TARGET_NAME)";
				SDKROOT = watchos;
				SKIP_INSTALL = YES;
				SWIFT_EMIT_LOC_STRINGS = YES;
				SWIFT_VERSION = 5.0;
				TARGETED_DEVICE_FAMILY = 4;
				WATCHOS_DEPLOYMENT_TARGET = 10.4;
			};
			name = Release;
		};
/* End XCBuildConfiguration section */

/* Begin XCConfigurationList section */
		0460B5A82BD0E75E00D697D2 /* Build configuration list for PBXProject "Landmarks" */ = {
			isa = XCConfigurationList;
			buildConfigurations = (
				0460B5B92BD0E75F00D697D2 /* Debug */,
				0460B5BA2BD0E75F00D697D2 /* Release */,
			);
			defaultConfigurationIsVisible = 0;
			defaultConfigurationName = Release;
		};
		0460B5BB2BD0E75F00D697D2 /* Build configuration list for PBXNativeTarget "Landmarks" */ = {
			isa = XCConfigurationList;
			buildConfigurations = (
				0460B5BC2BD0E75F00D697D2 /* Debug */,
				0460B5BD2BD0E75F00D697D2 /* Release */,
			);
			defaultConfigurationIsVisible = 0;
			defaultConfigurationName = Release;
		};
		048436392BE366160065493A /* Build configuration list for PBXNativeTarget "WatchLandmarks Watch App" */ = {
			isa = XCConfigurationList;
			buildConfigurations = (
				0484363A2BE366160065493A /* Debug */,
				0484363B2BE366160065493A /* Release */,
			);
			defaultConfigurationIsVisible = 0;
			defaultConfigurationName = Release;
		};
/* End XCConfigurationList section */
	};
	rootObject = 0460B5A52BD0E75E00D697D2 /* Project object */;
}
